
Microsoft Visual Studio Solution File, Format Version 12.00
# Visual Studio Version 16
VisualStudioVersion = 16.0.30225.117
MinimumVisualStudioVersion = 10.0.40219.1
Project("{FAE04EC0-301F-11D3-BF4B-00C04F79EFBC}") = "ConsoleApp3", "ConsoleApp3\ConsoleApp3.csproj", "{6C4CC7C0-9A6D-41F2-84A7-B7DF9C36FDF4}"
EndProject
Global
	GlobalSection(SolutionConfigurationPlatforms) = preSolution
		Debug|Any CPU = Debug|Any CPU
		Release|Any CPU = Release|Any CPU
	EndGlobalSection
	GlobalSection(ProjectConfigurationPlatforms) = postSolution
		{6C4CC7C0-9A6D-41F2-84A7-B7DF9C36FDF4}.Debug|Any CPU.ActiveCfg = Debug|Any CPU
		{6C4CC7C0-9A6D-41F2-84A7-B7DF9C36FDF4}.Debug|Any CPU.Build.0 = Debug|Any CPU
		{6C4CC7C0-9A6D-41F2-84A7-B7DF9C36FDF4}.Release|Any CPU.ActiveCfg = Release|Any CPU
		{6C4CC7C0-9A6D-41F2-84A7-B7DF9C36FDF4}.Release|Any CPU.Build.0 = Release|Any CPU
	EndGlobalSection
	GlobalSection(SolutionProperties) = preSolution
		HideSolutionNode = FALSE
	EndGlobalSection
	GlobalSection(ExtensibilityGlobals) = postSolution
		SolutionGuid = {5C1D887F-C488-4AEC-A2CD-3E052268F735}
	EndGlobalSection
EndGlobal
